
Microsoft Visual Studio Solution File, Format Version 12.00
# Visual Studio 15
VisualStudioVersion = 15.0.27428.2027
MinimumVisualStudioVersion = 10.0.40219.1
Project("{FAE04EC0-301F-11D3-BF4B-00C04F79EFBC}") = "ContainerVervoer", "ContainerVervoer\ContainerVervoer.csproj", "{43EDC136-4C94-48E6-9451-953BF07385F4}"
EndProject
Global
	GlobalSection(SolutionConfigurationPlatforms) = preSolution
		Debug|Any CPU = Debug|Any CPU
		Release|Any CPU = Release|Any CPU
	EndGlobalSection
	GlobalSection(ProjectConfigurationPlatforms) = postSolution
		{43EDC136-4C94-48E6-9451-953BF07385F4}.Debug|Any CPU.ActiveCfg = Debug|Any CPU
		{43EDC136-4C94-48E6-9451-953BF07385F4}.Debug|Any CPU.Build.0 = Debug|Any CPU
		{43EDC136-4C94-48E6-9451-953BF07385F4}.Release|Any CPU.ActiveCfg = Release|Any CPU
		{43EDC136-4C94-48E6-9451-953BF07385F4}.Release|Any CPU.Build.0 = Release|Any CPU
	EndGlobalSection
	GlobalSection(SolutionProperties) = preSolution
		HideSolutionNode = FALSE
	EndGlobalSection
	GlobalSection(ExtensibilityGlobals) = postSolution
		SolutionGuid = {6C3BFA5E-5E14-4DC3-807E-F4BB53031FEB}
	EndGlobalSection
EndGlobal
